{
  "lockfileVersion": 1,
  "configVersion": 1,
  "workspaces": {
    "": {
      "dependencies": {
        "mise": "^2026.6.11",
      },
    },
  },
  "packages": {
    "mise": ["mise@2026.6.11", "", { "bin": { "mise": "./bin/mise" } }, "sha512-q4xXmDZU/gjHYJ6DDzTHb0uRTkxKPWdwtDVbigmC4HObiYwjFT5P7pioXhY5MnFr6v6LmeIblab847RN2k9o9w=="],
  }
}
